# This file is automatically @generated by Poetry 2.1.3 and should not be changed by hand.

[[package]]
name = "crc"
version = "7.1.0"
description = "Pure Python CRC library"
optional = false
python-versions = "<4.0,>=3.8"
groups = ["main"]
files = [
    {file = "crc-7.1.0-py3-none-any.whl", hash = "sha256:b9845c81d0b900d8fda1aae7af977035bee0359c279713814e9fd23a2d59db6a"},
    {file = "crc-7.1.0.tar.gz", hash = "sha256:99dd540909a37ae4f62c65441df8ecb4e7f9af014fecaf4f331052a41d66c07d"},
]

[[package]]
name = "numpy"
version = "1.24.4"
description = "Fundamental package for array computing in Python"
optional = false
python-versions = ">=3.8"
groups = ["main"]
files = [
    {file = "numpy-1.24.4-cp310-cp310-macosx_10_9_x86_64.whl", hash = "sha256:c0bfb52d2169d58c1cdb8cc1f16989101639b34c7d3ce60ed70b19c63eba0b64"},
    {file = "numpy-1.24.4-cp310-cp310-macosx_11_0_arm64.whl", hash = "sha256:ed094d4f0c177b1b8e7aa9cba7d6ceed51c0e569a5318ac0ca9a090680a6a1b1"},
    {file = "numpy-1.24.4-cp310-cp310-manylinux_2_17_aarch64.manylinux2014_aarch64.whl", hash = "sha256:79fc682a374c4a8ed08b331bef9c5f582585d1048fa6d80bc6c35bc384eee9b4"},
    {file = "numpy-1.24.4-cp310-cp310-manylinux_2_17_x86_64.manylinux2014_x86_64.whl", hash = "sha256:7ffe43c74893dbf38c2b0a1f5428760a1a9c98285553c89e12d70a96a7f3a4d6"},
    {file = "numpy-1.24.4-cp310-cp310-win32.whl", hash = "sha256:4c21decb6ea94057331e111a5bed9a79d335658c27ce2adb580fb4d54f2ad9bc"},
    {file = "numpy-1.24.4-cp310-cp310-win_amd64.whl", hash = "sha256:b4bea75e47d9586d31e892a7401f76e909712a0fd510f58f5337bea9572c571e"},
    {file = "numpy-1.24.4-cp311-cp311-macosx_10_9_x86_64.whl", hash = "sha256:f136bab9c2cfd8da131132c2cf6cc27331dd6fae65f95f69dcd4ae3c3639c810"},
    {file = "numpy-1.24.4-cp311-cp311-macosx_11_0_arm64.whl", hash = "sha256:e2926dac25b313635e4d6cf4dc4e51c8c0ebfed60b801c799ffc4c32bf3d1254"},
    {file = "numpy-1.24.4-cp311-cp311-manylinux_2_17_aarch64.manylinux2014_aarch64.whl", hash = "sha256:222e40d0e2548690405b0b3c7b21d1169117391c2e82c378467ef9ab4c8f0da7"},
    {file = "numpy-1.24.4-cp311-cp311-manylinux_2_17_x86_64.manylinux2014_x86_64.whl", hash = "sha256:7215847ce88a85ce39baf9e89070cb860c98fdddacbaa6c0da3ffb31b3350bd5"},
    {file = "numpy-1.24.4-cp311-cp311-win32.whl", hash = "sha256:4979217d7de511a8d57f4b4b5b2b965f707768440c17cb70fbf254c4b225238d"},
    {file = "numpy-1.24.4-cp311-cp311-win_amd64.whl", hash = "sha256:b7b1fc9864d7d39e28f41d089bfd6353cb5f27ecd9905348c24187a768c79694"},
    {file = "numpy-1.24.4-cp38-cp38-macosx_10_9_x86_64.whl", hash = "sha256:1452241c290f3e2a312c137a9999cdbf63f78864d63c79039bda65ee86943f61"},
    {file = "numpy-1.24.4-cp38-cp38-macosx_11_0_arm64.whl", hash = "sha256:04640dab83f7c6c85abf9cd729c5b65f1ebd0ccf9de90b270cd61935eef0197f"},
    {file = "numpy-1.24.4-cp38-cp38-manylinux_2_17_aarch64.manylinux2014_aarch64.whl", hash = "sha256:a5425b114831d1e77e4b5d812b69d11d962e104095a5b9c3b641a218abcc050e"},
    {file = "numpy-1.24.4-cp38-cp38-manylinux_2_17_x86_64.manylinux2014_x86_64.whl", hash = "sha256:dd80e219fd4c71fc3699fc1dadac5dcf4fd882bfc6f7ec53d30fa197b8ee22dc"},
    {file = "numpy-1.24.4-cp38-cp38-win32.whl", hash = "sha256:4602244f345453db537be5314d3983dbf5834a9701b7723ec28923e2889e0bb2"},
    {file = "numpy-1.24.4-cp38-cp38-win_amd64.whl", hash = "sha256:692f2e0f55794943c5bfff12b3f56f99af76f902fc47487bdfe97856de51a706"},
    {file = "numpy-1.24.4-cp39-cp39-macosx_10_9_x86_64.whl", hash = "sha256:2541312fbf09977f3b3ad449c4e5f4bb55d0dbf79226d7724211acc905049400"},
    {file = "numpy-1.24.4-cp39-cp39-macosx_11_0_arm64.whl", hash = "sha256:9667575fb6d13c95f1b36aca12c5ee3356bf001b714fc354eb5465ce1609e62f"},
    {file = "numpy-1.24.4-cp39-cp39-manylinux_2_17_aarch64.manylinux2014_aarch64.whl", hash = "sha256:f3a86ed21e4f87050382c7bc96571755193c4c1392490744ac73d660e8f564a9"},
    {file = "numpy-1.24.4-cp39-cp39-manylinux_2_17_x86_64.manylinux2014_x86_64.whl", hash = "sha256:d11efb4dbecbdf22508d55e48d9c8384db795e1b7b51ea735289ff96613ff74d"},
    {file = "numpy-1.24.4-cp39-cp39-win32.whl", hash = "sha256:6620c0acd41dbcb368610bb2f4d83145674040025e5536954782467100aa8835"},
    {file = "numpy-1.24.4-cp39-cp39-win_amd64.whl", hash = "sha256:befe2bf740fd8373cf56149a5c23a0f601e82869598d41f8e188a0e9869926f8"},
    {file = "numpy-1.24.4-pp38-pypy38_pp73-macosx_10_9_x86_64.whl", hash = "sha256:31f13e25b4e304632a4619d0e0777662c2ffea99fcae2029556b17d8ff958aef"},
    {file = "numpy-1.24.4-pp38-pypy38_pp73-manylinux_2_17_x86_64.manylinux2014_x86_64.whl", hash = "sha256:95f7ac6540e95bc440ad77f56e520da5bf877f87dca58bd095288dce8940532a"},
    {file = "numpy-1.24.4-pp38-pypy38_pp73-win_amd64.whl", hash = "sha256:e98f220aa76ca2a977fe435f5b04d7b3470c0a2e6312907b37ba6068f26787f2"},
    {file = "numpy-1.24.4.tar.gz", hash = "sha256:80f5e3a4e498641401868df4208b74581206afbee7cf7b8329daae82676d9463"},
]

[[package]]
name = "pep272-encryption"
version = "0.4"
description = "Library for easy creation of PEP-272 cipher classes"
optional = false
python-versions = ">=2.7,!=3.0.*,!=3.1.*,!=3.2.*"
groups = ["main"]
files = [
    {file = "pep272-encryption-0.4.tar.gz", hash = "sha256:8635cf74ca9488808d367b3c4d355fb1a1c5ec3ffd02a685ec3f7b19a12bc550"},
    {file = "pep272_encryption-0.4-cp35-abi3-macosx_10_6_intel.whl", hash = "sha256:eb82c71de1b6a4345b6eca242dcccf8b7528f8b62e19d0e23934056ac6b14fd2"},
    {file = "pep272_encryption-0.4-cp35-abi3-macosx_10_9_universal2.whl", hash = "sha256:13077d4d34bcd492ae6b8ee9da40cc1c7fdd6dc3e0a9ad4b220bafcdce9c81ee"},
    {file = "pep272_encryption-0.4-cp35-abi3-manylinux1_i686.whl", hash = "sha256:8cd052486ca58c266daa873b6ecf741cedf04712b1a67a231238639f035519bf"},
    {file = "pep272_encryption-0.4-cp35-abi3-manylinux1_x86_64.whl", hash = "sha256:a23f29e134c2a85d4d24b32f8b632d4f31ec191dcb9f3691f56bb1ade08cd466"},
    {file = "pep272_encryption-0.4-cp35-abi3-manylinux2014_aarch64.whl", hash = "sha256:42825bf72446c1db781b2d48f033603089c87c4585e219602fd25390baea2bf3"},
    {file = "pep272_encryption-0.4-cp35-abi3-manylinux2014_ppc64le.whl", hash = "sha256:5d285fbedf6f4535b389628c9abc6a2cbf2030763b48e638c5e92bb26f7fd138"},
    {file = "pep272_encryption-0.4-cp35-abi3-manylinux2014_s390x.whl", hash = "sha256:22933a27b619c19d336ff9c1e88ec04f424d15bc31e1625f81d94fa2f53094fd"},
    {file = "pep272_encryption-0.4-cp35-abi3-win32.whl", hash = "sha256:e8059126cc8e635b9d3f059e66dd79230197c75badac96c43465bd6f30554e82"},
    {file = "pep272_encryption-0.4-cp35-abi3-win_amd64.whl", hash = "sha256:0b506f09cb1411989578909f87bf2c0ff08a897b6d9092c44bc2a26cc40bc9bd"},
    {file = "pep272_encryption-0.4-py2.pp35.pp36.pp37.pp38.pp39-none-any.whl", hash = "sha256:c448584f1ba3cfb82b1e17fbf72f6f4a37b605feec14ee2ef8b9a41841084c61"},
]

[[package]]
name = "pyserial"
version = "3.5"
description = "Python Serial Port Extension"
optional = false
python-versions = "*"
groups = ["main"]
files = [
    {file = "pyserial-3.5-py2.py3-none-any.whl", hash = "sha256:c4451db6ba391ca6ca299fb3ec7bae67a5c55dde170964c7a14ceefec02f2cf0"},
    {file = "pyserial-3.5.tar.gz", hash = "sha256:3c77e014170dfffbd816e6ffc205e9842efb10be9f58ec16d3e8675b4925cddb"},
]

[package.extras]
cp2110 = ["hidapi"]

[[package]]
name = "reed-solomon-ccsds"
version = "1.0.3"
description = "Reed Solomon CCSDS (255, 223)"
optional = false
python-versions = ">=3.8"
groups = ["main"]
files = [
    {file = "reed_solomon_ccsds-1.0.3-py3-none-any.whl", hash = "sha256:fafbac36819fa25ca7cdf7531c5a01220d31a2f78f577b2468889e67471950f5"},
    {file = "reed_solomon_ccsds-1.0.3.tar.gz", hash = "sha256:90e691556cda2214479b91f90b6f18ea2940a20541be721af687a68b2582bd9c"},
]

[package.dependencies]
numpy = ">=1.17.4"

[[package]]
name = "xtea"
version = "0.7.1"
description = "A python version of XTEA"
optional = false
python-versions = "*"
groups = ["main"]
files = [
    {file = "xtea-0.7.1-cp35-cp35m-win32.whl", hash = "sha256:59d00e875ccb441b153e9e9dbcf63421bfb87b8417816a8229936a8f21a4beeb"},
    {file = "xtea-0.7.1-cp35-cp35m-win_amd64.whl", hash = "sha256:56a6b60898648e27a8c7b2f698672807c9ddd6f22f06915bc459f2de465f1aaa"},
    {file = "xtea-0.7.1-cp36-cp36m-win32.whl", hash = "sha256:876e6af9ba01805c08bd4b8ad6346c08889fe6727506f17de15b390e18042ffc"},
    {file = "xtea-0.7.1-cp36-cp36m-win_amd64.whl", hash = "sha256:27b0c0a242318cf72fdc9fc2a257e60bf75ba075861b77fcb7f80e8381615c70"},
    {file = "xtea-0.7.1-cp37-cp37m-win32.whl", hash = "sha256:3a591c8b19732004f8dddafb0dc9d5098d3f650de2df1f2bcf56c0a93e451a96"},
    {file = "xtea-0.7.1-cp37-cp37m-win_amd64.whl", hash = "sha256:a24c1aa4bed085d9b35b75ee31790ec71ef2992b8007f7203c0da4911fd31c34"},
    {file = "xtea-0.7.1-py2.py3-none-any.whl", hash = "sha256:f2d02406d375faa57f6bd017c17aa70e02cfbd565f9060e44bfe8cb4cbfec7e2"},
    {file = "xtea-0.7.1.tar.gz", hash = "sha256:61f770d4d089f2aba42d4dc888fde98688b7d76af5ae50116b9ec53161e160ab"},
]

[package.dependencies]
pep272-encryption = ">=0.3"

[metadata]
lock-version = "2.1"
python-versions = ">=3.8, <4.0"
content-hash = "ac1e511c2528a88c9cf16ab26c023737826fef1e576b998348685512a878a662"
